
Microsoft Visual Studio Solution File, Format Version 12.00
# Visual Studio Version 17
VisualStudioVersion = 17.12.35521.163
MinimumVisualStudioVersion = 10.0.40219.1
Project("{FAE04EC0-301F-11D3-BF4B-00C04F79EFBC}") = "WebAPI", "WebAPI\WebAPI.csproj", "{50AF3ABA-1B32-4CFF-AE15-8F6B26133FEC}"
EndProject
Project("{FAE04EC0-301F-11D3-BF4B-00C04F79EFBC}") = "DataAccess", "DataAccess\DataAccess.csproj", "{5AFCBF8A-0B8A-4D2F-8785-638A7A6D050A}"
EndProject
Global
	GlobalSection(SolutionConfigurationPlatforms) = preSolution
		Debug|Any CPU = Debug|Any CPU
		Release|Any CPU = Release|Any CPU
	EndGlobalSection
	GlobalSection(ProjectConfigurationPlatforms) = postSolution
		{50AF3ABA-1B32-4CFF-AE15-8F6B26133FEC}.Debug|Any CPU.ActiveCfg = Debug|Any CPU
		{50AF3ABA-1B32-4CFF-AE15-8F6B26133FEC}.Debug|Any CPU.Build.0 = Debug|Any CPU
		{50AF3ABA-1B32-4CFF-AE15-8F6B26133FEC}.Release|Any CPU.ActiveCfg = Release|Any CPU
		{50AF3ABA-1B32-4CFF-AE15-8F6B26133FEC}.Release|Any CPU.Build.0 = Release|Any CPU
		{5AFCBF8A-0B8A-4D2F-8785-638A7A6D050A}.Debug|Any CPU.ActiveCfg = Debug|Any CPU
		{5AFCBF8A-0B8A-4D2F-8785-638A7A6D050A}.Debug|Any CPU.Build.0 = Debug|Any CPU
		{5AFCBF8A-0B8A-4D2F-8785-638A7A6D050A}.Release|Any CPU.ActiveCfg = Release|Any CPU
		{5AFCBF8A-0B8A-4D2F-8785-638A7A6D050A}.Release|Any CPU.Build.0 = Release|Any CPU
	EndGlobalSection
	GlobalSection(SolutionProperties) = preSolution
		HideSolutionNode = FALSE
	EndGlobalSection
EndGlobal
